
Microsoft Visual Studio Solution File, Format Version 12.00
# Visual Studio Version 17
VisualStudioVersion = 17.0.32112.339
MinimumVisualStudioVersion = 10.0.40219.1
Project("{FAE04EC0-301F-11D3-BF4B-00C04F79EFBC}") = "ADOCRUD", "ADOCRUD\ADOCRUD.csproj", "{AE66B358-FD8F-4672-85C6-9A50D3049892}"
EndProject
Global
	GlobalSection(SolutionConfigurationPlatforms) = preSolution
		Debug|Any CPU = Debug|Any CPU
		Release|Any CPU = Release|Any CPU
	EndGlobalSection
	GlobalSection(ProjectConfigurationPlatforms) = postSolution
		{AE66B358-FD8F-4672-85C6-9A50D3049892}.Debug|Any CPU.ActiveCfg = Debug|Any CPU
		{AE66B358-FD8F-4672-85C6-9A50D3049892}.Debug|Any CPU.Build.0 = Debug|Any CPU
		{AE66B358-FD8F-4672-85C6-9A50D3049892}.Release|Any CPU.ActiveCfg = Release|Any CPU
		{AE66B358-FD8F-4672-85C6-9A50D3049892}.Release|Any CPU.Build.0 = Release|Any CPU
	EndGlobalSection
	GlobalSection(SolutionProperties) = preSolution
		HideSolutionNode = FALSE
	EndGlobalSection
	GlobalSection(ExtensibilityGlobals) = postSolution
		SolutionGuid = {3C47094D-1D92-4568-937A-42F39D233331}
	EndGlobalSection
EndGlobal
